<?xml version="1.0" encoding="utf-8"?>
<Project ToolsVersion="4.0" xmlns="http://schemas.microsoft.com/developer/msbuild/2003">
  <ItemGroup>
    <Filter Include="Source Files">
      <UniqueIdentifier>{4FC737F1-C7A5-4376-A066-2A32D752A2FF}</UniqueIdentifier>
      <Extensions>cpp;c;cc;cxx;def;odl;idl;hpj;bat;asm;asmx</Extensions>
    </Filter>
    <Filter Include="Header Files">
      <UniqueIdentifier>{93995380-89BD-4b04-88EB-625FBE52EBFB}</UniqueIdentifier>
      <Extensions>h;hh;hpp;hxx;hm;inl;inc;ipp;xsd</Extensions>
    </Filter>
    <Filter Include="Resource Files">
      <UniqueIdentifier>{67DA6AB6-F800-4c08-8B7A-83BB121AAD01}</UniqueIdentifier>
      <Extensions>rc;ico;cur;bmp;dlg;rc2;rct;bin;rgs;gif;jpg;jpeg;jpe;resx;tiff;tif;png;wav;mfcribbon-ms</Extensions>
    </Filter>
  </ItemGroup>
  <ItemGroup>
    <ClInclude Include="XUI\BaseWnd.h">
      <Filter>Header Files</Filter>
    </ClInclude>
    <ClInclude Include="XUI\Common.h">
      <Filter>Header Files</Filter>
    </ClInclude>
    <ClInclude Include="XUI\MainWnd.h">
      <Filter>Header Files</Filter>
    </ClInclude>
    <ClInclude Include="XUI\Control.h">
      <Filter>Header Files</Filter>
    </ClInclude>
    <ClInclude Include="XUI\Button.h">
      <Filter>Header Files</Filter>
    </ClInclude>
    <ClInclude Include="XUI\Text.h">
      <Filter>Header Files</Filter>
    </ClInclude>
    <ClInclude Include="XUI\Style.h">
      <Filter>Header Files</Filter>
    </ClInclude>
    <ClInclude Include="XUI\Border.h">
      <Filter>Header Files</Filter>
    </ClInclude>
    <ClInclude Include="XUI\Background.h">
      <Filter>Header Files</Filter>
    </ClInclude>
    <ClInclude Include="XUI\CheckBox.h">
      <Filter>Header Files</Filter>
    </ClInclude>
    <ClInclude Include="XUI\RadioBox.h">
      <Filter>Header Files</Filter>
    </ClInclude>
    <ClInclude Include="XUI\ProgressBar.h">
      <Filter>Header Files</Filter>
    </ClInclude>
    <ClInclude Include="XUI\SliderBar.h">
      <Filter>Header Files</Filter>
    </ClInclude>
    <ClInclude Include="XUI\ProgressCircle.h">
      <Filter>Header Files</Filter>
    </ClInclude>
    <ClInclude Include="XUI\SliderCircle.h">
      <Filter>Header Files</Filter>
    </ClInclude>
    <ClInclude Include="XUI\LoadingBar.h">
      <Filter>Header Files</Filter>
    </ClInclude>
    <ClInclude Include="XUI\LoadingCircle.h">
      <Filter>Header Files</Filter>
    </ClInclude>
    <ClInclude Include="XUI\Label.h">
      <Filter>Header Files</Filter>
    </ClInclude>
    <ClInclude Include="XUI\Animation.h">
      <Filter>Header Files</Filter>
    </ClInclude>
    <ClInclude Include="XUI\Queue.h">
      <Filter>Header Files</Filter>
    </ClInclude>
    <ClInclude Include="XUI\Event.h">
      <Filter>Header Files</Filter>
    </ClInclude>
    <ClInclude Include="XUI\UI.h">
      <Filter>Header Files</Filter>
    </ClInclude>
    <ClInclude Include="XUI\Xml.h">
      <Filter>Header Files</Filter>
    </ClInclude>
    <ClInclude Include="XUI\Tab.h">
      <Filter>Header Files</Filter>
    </ClInclude>
    <ClInclude Include="XUI\Image.h">
      <Filter>Header Files</Filter>
    </ClInclude>
    <ClInclude Include="XUI\Edit.h">
      <Filter>Header Files</Filter>
    </ClInclude>
    <ClInclude Include="XUI\Language.h">
      <Filter>Header Files</Filter>
    </ClInclude>
  </ItemGroup>
  <ItemGroup>
    <ClCompile Include="XUI\Main.cpp">
      <Filter>Source Files</Filter>
    </ClCompile>
    <ClCompile Include="XUI\MainWnd.cpp">
      <Filter>Source Files</Filter>
    </ClCompile>
    <ClCompile Include="XUI\Common.cpp">
      <Filter>Source Files</Filter>
    </ClCompile>
    <ClCompile Include="XUI\Control.cpp">
      <Filter>Source Files</Filter>
    </ClCompile>
    <ClCompile Include="XUI\Button.cpp">
      <Filter>Source Files</Filter>
    </ClCompile>
    <ClCompile Include="XUI\Text.cpp">
      <Filter>Source Files</Filter>
    </ClCompile>
    <ClCompile Include="XUI\Style.cpp">
      <Filter>Source Files</Filter>
    </ClCompile>
    <ClCompile Include="XUI\Border.cpp">
      <Filter>Source Files</Filter>
    </ClCompile>
    <ClCompile Include="XUI\Background.cpp">
      <Filter>Source Files</Filter>
    </ClCompile>
    <ClCompile Include="XUI\CheckBox.cpp">
      <Filter>Source Files</Filter>
    </ClCompile>
    <ClCompile Include="XUI\RadioBox.cpp">
      <Filter>Source Files</Filter>
    </ClCompile>
    <ClCompile Include="XUI\ProgressBar.cpp">
      <Filter>Source Files</Filter>
    </ClCompile>
    <ClCompile Include="XUI\SliderBar.cpp">
      <Filter>Source Files</Filter>
    </ClCompile>
    <ClCompile Include="XUI\ProgressCircle.cpp">
      <Filter>Source Files</Filter>
    </ClCompile>
    <ClCompile Include="XUI\SliderCircle.cpp">
      <Filter>Source Files</Filter>
    </ClCompile>
    <ClCompile Include="XUI\LoadingBar.cpp">
      <Filter>Source Files</Filter>
    </ClCompile>
    <ClCompile Include="XUI\LoadingCircle.cpp">
      <Filter>Source Files</Filter>
    </ClCompile>
    <ClCompile Include="XUI\Label.cpp">
      <Filter>Source Files</Filter>
    </ClCompile>
    <ClCompile Include="XUI\Animation.cpp">
      <Filter>Source Files</Filter>
    </ClCompile>
    <ClCompile Include="XUI\Event.cpp">
      <Filter>Source Files</Filter>
    </ClCompile>
    <ClCompile Include="XUI\UI.cpp">
      <Filter>Source Files</Filter>
    </ClCompile>
    <ClCompile Include="XUI\Xml.cpp">
      <Filter>Source Files</Filter>
    </ClCompile>
    <ClCompile Include="XUI\Tab.cpp">
      <Filter>Source Files</Filter>
    </ClCompile>
    <ClCompile Include="XUI\Image.cpp">
      <Filter>Source Files</Filter>
    </ClCompile>
    <ClCompile Include="XUI\Edit.cpp">
      <Filter>Source Files</Filter>
    </ClCompile>
    <ClCompile Include="XUI\Language.cpp">
      <Filter>Source Files</Filter>
    </ClCompile>
  </ItemGroup>
</Project>